// !$*UTF8*$!
{
	archiveVersion = 1;
	classes = {
	};
	objectVersion = 48;
	objects = {

/* Begin PBXBuildFile section */
		27E4A10125E528BD048F65E4 /* Pods_CoreData_CouchBase.framework in Frameworks */ = {isa = PBXBuildFile; fileRef = 8DC997A35AC9CAA9750ABA46 /* Pods_CoreData_CouchBase.framework */; };
		6AD1F6AB1FEE304000C1DEAD /* AppDelegate.swift in Sources */ = {isa = PBXBuildFile; fileRef = 6AD1F6AA1FEE304000C1DEAD /* AppDelegate.swift */; };
		6AD1F6AD1FEE304000C1DEAD /* ViewController.swift in Sources */ = {isa = PBXBuildFile; fileRef = 6AD1F6AC1FEE304000C1DEAD /* ViewController.swift */; };
		6AD1F6B01FEE304000C1DEAD /* Main.storyboard in Resources */ = {isa = PBXBuildFile; fileRef = 6AD1F6AE1FEE304000C1DEAD /* Main.storyboard */; };
		6AD1F6B31FEE304000C1DEAD /* CoreData_CouchBase.xcdatamodeld in Sources */ = {isa = PBXBuildFile; fileRef = 6AD1F6B11FEE304000C1DEAD /* CoreData_CouchBase.xcdatamodeld */; };
		6AD1F6B51FEE304000C1DEAD /* Assets.xcassets in Resources */ = {isa = PBXBuildFile; fileRef = 6AD1F6B41FEE304000C1DEAD /* Assets.xcassets */; };
		6AD1F6B81FEE304000C1DEAD /* LaunchScreen.storyboard in Resources */ = {isa = PBXBuildFile; fileRef = 6AD1F6B61FEE304000C1DEAD /* LaunchScreen.storyboard */; };
		6AD1F6C21FEE30C700C1DEAD /* CouchbaseLite.framework in Frameworks */ = {isa = PBXBuildFile; fileRef = 6AD1F6C11FEE30C600C1DEAD /* CouchbaseLite.framework */; };
		6AD1F6C51FEE312700C1DEAD /* CFNetwork.framework in Frameworks */ = {isa = PBXBuildFile; fileRef = 6AD1F6C41FEE312200C1DEAD /* CFNetwork.framework */; };
		6AD1F6C71FEE313300C1DEAD /* Security.framework in Frameworks */ = {isa = PBXBuildFile; fileRef = 6AD1F6C61FEE312D00C1DEAD /* Security.framework */; };
		6AD1F6C91FEE314200C1DEAD /* SystemConfiguration.framework in Frameworks */ = {isa = PBXBuildFile; fileRef = 6AD1F6C81FEE313D00C1DEAD /* SystemConfiguration.framework */; };
		6AD1F6CB1FEE314900C1DEAD /* libsqlite3.tbd in Frameworks */ = {isa = PBXBuildFile; fileRef = 6AD1F6CA1FEE314900C1DEAD /* libsqlite3.tbd */; };
		6AD1F6CD1FEE315300C1DEAD /* libz.tbd in Frameworks */ = {isa = PBXBuildFile; fileRef = 6AD1F6CC1FEE315200C1DEAD /* libz.tbd */; };
		6AD1F6CF1FEE315E00C1DEAD /* libc++.tbd in Frameworks */ = {isa = PBXBuildFile; fileRef = 6AD1F6CE1FEE315E00C1DEAD /* libc++.tbd */; };
		6AF28DAF1FEE377A00A8A4CC /* CouchbaseLite.framework in Frameworks */ = {isa = PBXBuildFile; fileRef = 6AF28DAE1FEE377A00A8A4CC /* CouchbaseLite.framework */; };
		6AF28DB01FEE377A00A8A4CC /* CouchbaseLite.framework in Embed Frameworks */ = {isa = PBXBuildFile; fileRef = 6AF28DAE1FEE377A00A8A4CC /* CouchbaseLite.framework */; settings = {ATTRIBUTES = (CodeSignOnCopy, RemoveHeadersOnCopy, ); }; };
/* End PBXBuildFile section */

/* Begin PBXCopyFilesBuildPhase section */
		6AF28DB11FEE377A00A8A4CC /* Embed Frameworks */ = {
			isa = PBXCopyFilesBuildPhase;
			buildActionMask = 2147483647;
			dstPath = "";
			dstSubfolderSpec = 10;
			files = (
				6AF28DB01FEE377A00A8A4CC /* CouchbaseLite.framework in Embed Frameworks */,
			);
			name = "Embed Frameworks";
			runOnlyForDeploymentPostprocessing = 0;
		};
/* End PBXCopyFilesBuildPhase section */

/* Begin PBXFileReference section */
		6AD1F6A71FEE304000C1DEAD /* CoreData&CouchBase.app */ = {isa = PBXFileReference; explicitFileType = wrapper.application; includeInIndex = 0; path = "CoreData&CouchBase.app"; sourceTree = BUILT_PRODUCTS_DIR; };
		6AD1F6AA1FEE304000C1DEAD /* AppDelegate.swift */ = {isa = PBXFileReference; lastKnownFileType = sourcecode.swift; path = AppDelegate.swift; sourceTree = "<group>"; };
		6AD1F6AC1FEE304000C1DEAD /* ViewController.swift */ = {isa = PBXFileReference; lastKnownFileType = sourcecode.swift; path = ViewController.swift; sourceTree = "<group>"; };
		6AD1F6AF1FEE304000C1DEAD /* Base */ = {isa = PBXFileReference; lastKnownFileType = file.storyboard; name = Base; path = Base.lproj/Main.storyboard; sourceTree = "<group>"; };
		6AD1F6B21FEE304000C1DEAD /* CoreData_CouchBase.xcdatamodel */ = {isa = PBXFileReference; lastKnownFileType = wrapper.xcdatamodel; path = CoreData_CouchBase.xcdatamodel; sourceTree = "<group>"; };
		6AD1F6B41FEE304000C1DEAD /* Assets.xcassets */ = {isa = PBXFileReference; lastKnownFileType = folder.assetcatalog; path = Assets.xcassets; sourceTree = "<group>"; };
		6AD1F6B71FEE304000C1DEAD /* Base */ = {isa = PBXFileReference; lastKnownFileType = file.storyboard; name = Base; path = Base.lproj/LaunchScreen.storyboard; sourceTree = "<group>"; };
		6AD1F6B91FEE304000C1DEAD /* Info.plist */ = {isa = PBXFileReference; lastKnownFileType = text.plist.xml; path = Info.plist; sourceTree = "<group>"; };
		6AD1F6C11FEE30C600C1DEAD /* CouchbaseLite.framework */ = {isa = PBXFileReference; lastKnownFileType = wrapper.framework; name = CouchbaseLite.framework; path = "../../../../Downloads/couchbase-lite-ios-community_1.4.0-3/CouchbaseLite.framework"; sourceTree = "<group>"; };
		6AD1F6C41FEE312200C1DEAD /* CFNetwork.framework */ = {isa = PBXFileReference; lastKnownFileType = wrapper.framework; name = CFNetwork.framework; path = System/Library/Frameworks/CFNetwork.framework; sourceTree = SDKROOT; };
		6AD1F6C61FEE312D00C1DEAD /* Security.framework */ = {isa = PBXFileReference; lastKnownFileType = wrapper.framework; name = Security.framework; path = System/Library/Frameworks/Security.framework; sourceTree = SDKROOT; };
		6AD1F6C81FEE313D00C1DEAD /* SystemConfiguration.framework */ = {isa = PBXFileReference; lastKnownFileType = wrapper.framework; name = SystemConfiguration.framework; path = System/Library/Frameworks/SystemConfiguration.framework; sourceTree = SDKROOT; };
		6AD1F6CA1FEE314900C1DEAD /* libsqlite3.tbd */ = {isa = PBXFileReference; lastKnownFileType = "sourcecode.text-based-dylib-definition"; name = libsqlite3.tbd; path = usr/lib/libsqlite3.tbd; sourceTree = SDKROOT; };
		6AD1F6CC1FEE315200C1DEAD /* libz.tbd */ = {isa = PBXFileReference; lastKnownFileType = "sourcecode.text-based-dylib-definition"; name = libz.tbd; path = usr/lib/libz.tbd; sourceTree = SDKROOT; };
		6AD1F6CE1FEE315E00C1DEAD /* libc++.tbd */ = {isa = PBXFileReference; lastKnownFileType = "sourcecode.text-based-dylib-definition"; name = "libc++.tbd"; path = "usr/lib/libc++.tbd"; sourceTree = SDKROOT; };
		6AF28DAE1FEE377A00A8A4CC /* CouchbaseLite.framework */ = {isa = PBXFileReference; lastKnownFileType = wrapper.framework; name = CouchbaseLite.framework; path = Carthage/Build/iOS/CouchbaseLite.framework; sourceTree = "<group>"; };
		8DC997A35AC9CAA9750ABA46 /* Pods_CoreData_CouchBase.framework */ = {isa = PBXFileReference; explicitFileType = wrapper.framework; includeInIndex = 0; path = Pods_CoreData_CouchBase.framework; sourceTree = BUILT_PRODUCTS_DIR; };
		9E580537437A8D33D5A5C1B7 /* Pods-CoreData&CouchBase.debug.xcconfig */ = {isa = PBXFileReference; includeInIndex = 1; lastKnownFileType = text.xcconfig; name = "Pods-CoreData&CouchBase.debug.xcconfig"; path = "Pods/Target Support Files/Pods-CoreData&CouchBase/Pods-CoreData&CouchBase.debug.xcconfig"; sourceTree = "<group>"; };
		F115F834D22982399035C319 /* Pods-CoreData&CouchBase.release.xcconfig */ = {isa = PBXFileReference; includeInIndex = 1; lastKnownFileType = text.xcconfig; name = "Pods-CoreData&CouchBase.release.xcconfig"; path = "Pods/Target Support Files/Pods-CoreData&CouchBase/Pods-CoreData&CouchBase.release.xcconfig"; sourceTree = "<group>"; };
/* End PBXFileReference section */

/* Begin PBXFrameworksBuildPhase section */
		6AD1F6A41FEE304000C1DEAD /* Frameworks */ = {
			isa = PBXFrameworksBuildPhase;
			buildActionMask = 2147483647;
			files = (
				6AD1F6C21FEE30C700C1DEAD /* CouchbaseLite.framework in Frameworks */,
				6AD1F6C51FEE312700C1DEAD /* CFNetwork.framework in Frameworks */,
				6AD1F6C71FEE313300C1DEAD /* Security.framework in Frameworks */,
				6AD1F6C91FEE314200C1DEAD /* SystemConfiguration.framework in Frameworks */,
				6AF28DAF1FEE377A00A8A4CC /* CouchbaseLite.framework in Frameworks */,
				6AD1F6CB1FEE314900C1DEAD /* libsqlite3.tbd in Frameworks */,
				6AD1F6CF1FEE315E00C1DEAD /* libc++.tbd in Frameworks */,
				6AD1F6CD1FEE315300C1DEAD /* libz.tbd in Frameworks */,
				27E4A10125E528BD048F65E4 /* Pods_CoreData_CouchBase.framework in Frameworks */,
			);
			runOnlyForDeploymentPostprocessing = 0;
		};
/* End PBXFrameworksBuildPhase section */

/* Begin PBXGroup section */
		478AE76123630C27666AC801 /* Pods */ = {
			isa = PBXGroup;
			children = (
				9E580537437A8D33D5A5C1B7 /* Pods-CoreData&CouchBase.debug.xcconfig */,
				F115F834D22982399035C319 /* Pods-CoreData&CouchBase.release.xcconfig */,
			);
			name = Pods;
			sourceTree = "<group>";
		};
		6AD1F69E1FEE304000C1DEAD = {
			isa = PBXGroup;
			children = (
				6AF28DAE1FEE377A00A8A4CC /* CouchbaseLite.framework */,
				6AD1F6A91FEE304000C1DEAD /* CoreData&CouchBase */,
				6AD1F6A81FEE304000C1DEAD /* Products */,
				6AD1F6C11FEE30C600C1DEAD /* CouchbaseLite.framework */,
				6AD1F6C31FEE312200C1DEAD /* Frameworks */,
				478AE76123630C27666AC801 /* Pods */,
			);
			sourceTree = "<group>";
		};
		6AD1F6A81FEE304000C1DEAD /* Products */ = {
			isa = PBXGroup;
			children = (
				6AD1F6A71FEE304000C1DEAD /* CoreData&CouchBase.app */,
			);
			name = Products;
			sourceTree = "<group>";
		};
		6AD1F6A91FEE304000C1DEAD /* CoreData&CouchBase */ = {
			isa = PBXGroup;
			children = (
				6AD1F6AA1FEE304000C1DEAD /* AppDelegate.swift */,
				6AD1F6AC1FEE304000C1DEAD /* ViewController.swift */,
				6AD1F6AE1FEE304000C1DEAD /* Main.storyboard */,
				6AD1F6B41FEE304000C1DEAD /* Assets.xcassets */,
				6AD1F6B61FEE304000C1DEAD /* LaunchScreen.storyboard */,
				6AD1F6B91FEE304000C1DEAD /* Info.plist */,
				6AD1F6B11FEE304000C1DEAD /* CoreData_CouchBase.xcdatamodeld */,
			);
			path = "CoreData&CouchBase";
			sourceTree = "<group>";
		};
		6AD1F6C31FEE312200C1DEAD /* Frameworks */ = {
			isa = PBXGroup;
			children = (
				6AD1F6CE1FEE315E00C1DEAD /* libc++.tbd */,
				6AD1F6CC1FEE315200C1DEAD /* libz.tbd */,
				6AD1F6CA1FEE314900C1DEAD /* libsqlite3.tbd */,
				6AD1F6C81FEE313D00C1DEAD /* SystemConfiguration.framework */,
				6AD1F6C61FEE312D00C1DEAD /* Security.framework */,
				6AD1F6C41FEE312200C1DEAD /* CFNetwork.framework */,
				8DC997A35AC9CAA9750ABA46 /* Pods_CoreData_CouchBase.framework */,
			);
			name = Frameworks;
			sourceTree = "<group>";
		};
/* End PBXGroup section */

/* Begin PBXNativeTarget section */
		6AD1F6A61FEE304000C1DEAD /* CoreData&CouchBase */ = {
			isa = PBXNativeTarget;
			buildConfigurationList = 6AD1F6BC1FEE304000C1DEAD /* Build configuration list for PBXNativeTarget "CoreData&CouchBase" */;
			buildPhases = (
				5FFCBCD607B4F21551DE92B0 /* [CP] Check Pods Manifest.lock */,
				6AD1F6A31FEE304000C1DEAD /* Sources */,
				6AD1F6A41FEE304000C1DEAD /* Frameworks */,
				6AD1F6A51FEE304000C1DEAD /* Resources */,
				935F8CF7FEC78832D475EE31 /* [CP] Embed Pods Frameworks */,
				BE49AF0779357333FF2ADF52 /* [CP] Copy Pods Resources */,
				6AF28DB11FEE377A00A8A4CC /* Embed Frameworks */,
			);
			buildRules = (
			);
			dependencies = (
			);
			name = "CoreData&CouchBase";
			productName = "CoreData&CouchBase";
			productReference = 6AD1F6A71FEE304000C1DEAD /* CoreData&CouchBase.app */;
			productType = "com.apple.product-type.application";
		};
/* End PBXNativeTarget section */

/* Begin PBXProject section */
		6AD1F69F1FEE304000C1DEAD /* Project object */ = {
			isa = PBXProject;
			attributes = {
				LastSwiftUpdateCheck = 0910;
				LastUpgradeCheck = 0910;
				ORGANIZATIONNAME = MbProRetina;
				TargetAttributes = {
					6AD1F6A61FEE304000C1DEAD = {
						CreatedOnToolsVersion = 9.1;
						ProvisioningStyle = Automatic;
					};
				};
			};
			buildConfigurationList = 6AD1F6A21FEE304000C1DEAD /* Build configuration list for PBXProject "CoreData&CouchBase" */;
			compatibilityVersion = "Xcode 8.0";
			developmentRegion = en;
			hasScannedForEncodings = 0;
			knownRegions = (
				en,
				Base,
			);
			mainGroup = 6AD1F69E1FEE304000C1DEAD;
			productRefGroup = 6AD1F6A81FEE304000C1DEAD /* Products */;
			projectDirPath = "";
			projectRoot = "";
			targets = (
				6AD1F6A61FEE304000C1DEAD /* CoreData&CouchBase */,
			);
		};
/* End PBXProject section */

/* Begin PBXResourcesBuildPhase section */
		6AD1F6A51FEE304000C1DEAD /* Resources */ = {
			isa = PBXResourcesBuildPhase;
			buildActionMask = 2147483647;
			files = (
				6AD1F6B81FEE304000C1DEAD /* LaunchScreen.storyboard in Resources */,
				6AD1F6B51FEE304000C1DEAD /* Assets.xcassets in Resources */,
				6AD1F6B01FEE304000C1DEAD /* Main.storyboard in Resources */,
			);
			runOnlyForDeploymentPostprocessing = 0;
		};
/* End PBXResourcesBuildPhase section */

/* Begin PBXShellScriptBuildPhase section */
		5FFCBCD607B4F21551DE92B0 /* [CP] Check Pods Manifest.lock */ = {
			isa = PBXShellScriptBuildPhase;
			buildActionMask = 2147483647;
			files = (
			);
			inputPaths = (
				"${PODS_PODFILE_DIR_PATH}/Podfile.lock",
				"${PODS_ROOT}/Manifest.lock",
			);
			name = "[CP] Check Pods Manifest.lock";
			outputPaths = (
				"$(DERIVED_FILE_DIR)/Pods-CoreData&CouchBase-checkManifestLockResult.txt",
			);
			runOnlyForDeploymentPostprocessing = 0;
			shellPath = /bin/sh;
			shellScript = "diff \"${PODS_PODFILE_DIR_PATH}/Podfile.lock\" \"${PODS_ROOT}/Manifest.lock\" > /dev/null\nif [ $? != 0 ] ; then\n    # print error to STDERR\n    echo \"error: The sandbox is not in sync with the Podfile.lock. Run 'pod install' or update your CocoaPods installation.\" >&2\n    exit 1\nfi\n# This output is used by Xcode 'outputs' to avoid re-running this script phase.\necho \"SUCCESS\" > \"${SCRIPT_OUTPUT_FILE_0}\"\n";
			showEnvVarsInLog = 0;
		};
		935F8CF7FEC78832D475EE31 /* [CP] Embed Pods Frameworks */ = {
			isa = PBXShellScriptBuildPhase;
			buildActionMask = 2147483647;
			files = (
			);
			inputPaths = (
			);
			name = "[CP] Embed Pods Frameworks";
			outputPaths = (
			);
			runOnlyForDeploymentPostprocessing = 0;
			shellPath = /bin/sh;
			shellScript = "\"${SRCROOT}/Pods/Target Support Files/Pods-CoreData&CouchBase/Pods-CoreData&CouchBase-frameworks.sh\"\n";
			showEnvVarsInLog = 0;
		};
		BE49AF0779357333FF2ADF52 /* [CP] Copy Pods Resources */ = {
			isa = PBXShellScriptBuildPhase;
			buildActionMask = 2147483647;
			files = (
			);
			inputPaths = (
			);
			name = "[CP] Copy Pods Resources";
			outputPaths = (
			);
			runOnlyForDeploymentPostprocessing = 0;
			shellPath = /bin/sh;
			shellScript = "\"${SRCROOT}/Pods/Target Support Files/Pods-CoreData&CouchBase/Pods-CoreData&CouchBase-resources.sh\"\n";
			showEnvVarsInLog = 0;
		};
/* End PBXShellScriptBuildPhase section */

/* Begin PBXSourcesBuildPhase section */
		6AD1F6A31FEE304000C1DEAD /* Sources */ = {
			isa = PBXSourcesBuildPhase;
			buildActionMask = 2147483647;
			files = (
				6AD1F6AD1FEE304000C1DEAD /* ViewController.swift in Sources */,
				6AD1F6B31FEE304000C1DEAD /* CoreData_CouchBase.xcdatamodeld in Sources */,
				6AD1F6AB1FEE304000C1DEAD /* AppDelegate.swift in Sources */,
			);
			runOnlyForDeploymentPostprocessing = 0;
		};
/* End PBXSourcesBuildPhase section */

/* Begin PBXVariantGroup section */
		6AD1F6AE1FEE304000C1DEAD /* Main.storyboard */ = {
			isa = PBXVariantGroup;
			children = (
				6AD1F6AF1FEE304000C1DEAD /* Base */,
			);
			name = Main.storyboard;
			sourceTree = "<group>";
		};
		6AD1F6B61FEE304000C1DEAD /* LaunchScreen.storyboard */ = {
			isa = PBXVariantGroup;
			children = (
				6AD1F6B71FEE304000C1DEAD /* Base */,
			);
			name = LaunchScreen.storyboard;
			sourceTree = "<group>";
		};
/* End PBXVariantGroup section */

/* Begin XCBuildConfiguration section */
		6AD1F6BA1FEE304000C1DEAD /* Debug */ = {
			isa = XCBuildConfiguration;
			buildSettings = {
				ALWAYS_SEARCH_USER_PATHS = NO;
				CLANG_ANALYZER_NONNULL = YES;
				CLANG_ANALYZER_NUMBER_OBJECT_CONVERSION = YES_AGGRESSIVE;
				CLANG_CXX_LANGUAGE_STANDARD = "gnu++14";
				CLANG_CXX_LIBRARY = "libc++";
				CLANG_ENABLE_MODULES = YES;
				CLANG_ENABLE_OBJC_ARC = YES;
				CLANG_WARN_BLOCK_CAPTURE_AUTORELEASING = YES;
				CLANG_WARN_BOOL_CONVERSION = YES;
				CLANG_WARN_COMMA = YES;
				CLANG_WARN_CONSTANT_CONVERSION = YES;
				CLANG_WARN_DIRECT_OBJC_ISA_USAGE = YES_ERROR;
				CLANG_WARN_DOCUMENTATION_COMMENTS = YES;
				CLANG_WARN_EMPTY_BODY = YES;
				CLANG_WARN_ENUM_CONVERSION = YES;
				CLANG_WARN_INFINITE_RECURSION = YES;
				CLANG_WARN_INT_CONVERSION = YES;
				CLANG_WARN_NON_LITERAL_NULL_CONVERSION = YES;
				CLANG_WARN_OBJC_LITERAL_CONVERSION = YES;
				CLANG_WARN_OBJC_ROOT_CLASS = YES_ERROR;
				CLANG_WARN_RANGE_LOOP_ANALYSIS = YES;
				CLANG_WARN_STRICT_PROTOTYPES = YES;
				CLANG_WARN_SUSPICIOUS_MOVE = YES;
				CLANG_WARN_UNGUARDED_AVAILABILITY = YES_AGGRESSIVE;
				CLANG_WARN_UNREACHABLE_CODE = YES;
				CLANG_WARN__DUPLICATE_METHOD_MATCH = YES;
				CODE_SIGN_IDENTITY = "iPhone Developer";
				COPY_PHASE_STRIP = NO;
				DEBUG_INFORMATION_FORMAT = dwarf;
				ENABLE_STRICT_OBJC_MSGSEND = YES;
				ENABLE_TESTABILITY = YES;
				GCC_C_LANGUAGE_STANDARD = gnu11;
				GCC_DYNAMIC_NO_PIC = NO;
				GCC_NO_COMMON_BLOCKS = YES;
				GCC_OPTIMIZATION_LEVEL = 0;
				GCC_PREPROCESSOR_DEFINITIONS = (
					"DEBUG=1",
					"$(inherited)",
				);
				GCC_WARN_64_TO_32_BIT_CONVERSION = YES;
				GCC_WARN_ABOUT_RETURN_TYPE = YES_ERROR;
				GCC_WARN_UNDECLARED_SELECTOR = YES;
				GCC_WARN_UNINITIALIZED_AUTOS = YES_AGGRESSIVE;
				GCC_WARN_UNUSED_FUNCTION = YES;
				GCC_WARN_UNUSED_VARIABLE = YES;
				IPHONEOS_DEPLOYMENT_TARGET = 11.1;
				MTL_ENABLE_DEBUG_INFO = YES;
				ONLY_ACTIVE_ARCH = YES;
				SDKROOT = iphoneos;
				SWIFT_ACTIVE_COMPILATION_CONDITIONS = DEBUG;
				SWIFT_OPTIMIZATION_LEVEL = "-Onone";
			};
			name = Debug;
		};
		6AD1F6BB1FEE304000C1DEAD /* Release */ = {
			isa = XCBuildConfiguration;
			buildSettings = {
				ALWAYS_SEARCH_USER_PATHS = NO;
				CLANG_ANALYZER_NONNULL = YES;
				CLANG_ANALYZER_NUMBER_OBJECT_CONVERSION = YES_AGGRESSIVE;
				CLANG_CXX_LANGUAGE_STANDARD = "gnu++14";
				CLANG_CXX_LIBRARY = "libc++";
				CLANG_ENABLE_MODULES = YES;
				CLANG_ENABLE_OBJC_ARC = YES;
				CLANG_WARN_BLOCK_CAPTURE_AUTORELEASING = YES;
				CLANG_WARN_BOOL_CONVERSION = YES;
				CLANG_WARN_COMMA = YES;
				CLANG_WARN_CONSTANT_CONVERSION = YES;
				CLANG_WARN_DIRECT_OBJC_ISA_USAGE = YES_ERROR;
				CLANG_WARN_DOCUMENTATION_COMMENTS = YES;
				CLANG_WARN_EMPTY_BODY = YES;
				CLANG_WARN_ENUM_CONVERSION = YES;
				CLANG_WARN_INFINITE_RECURSION = YES;
				CLANG_WARN_INT_CONVERSION = YES;
				CLANG_WARN_NON_LITERAL_NULL_CONVERSION = YES;
				CLANG_WARN_OBJC_LITERAL_CONVERSION = YES;
				CLANG_WARN_OBJC_ROOT_CLASS = YES_ERROR;
				CLANG_WARN_RANGE_LOOP_ANALYSIS = YES;
				CLANG_WARN_STRICT_PROTOTYPES = YES;
				CLANG_WARN_SUSPICIOUS_MOVE = YES;
				CLANG_WARN_UNGUARDED_AVAILABILITY = YES_AGGRESSIVE;
				CLANG_WARN_UNREACHABLE_CODE = YES;
				CLANG_WARN__DUPLICATE_METHOD_MATCH = YES;
				CODE_SIGN_IDENTITY = "iPhone Developer";
				COPY_PHASE_STRIP = NO;
				DEBUG_INFORMATION_FORMAT = "dwarf-with-dsym";
				ENABLE_NS_ASSERTIONS = NO;
				ENABLE_STRICT_OBJC_MSGSEND = YES;
				GCC_C_LANGUAGE_STANDARD = gnu11;
				GCC_NO_COMMON_BLOCKS = YES;
				GCC_WARN_64_TO_32_BIT_CONVERSION = YES;
				GCC_WARN_ABOUT_RETURN_TYPE = YES_ERROR;
				GCC_WARN_UNDECLARED_SELECTOR = YES;
				GCC_WARN_UNINITIALIZED_AUTOS = YES_AGGRESSIVE;
				GCC_WARN_UNUSED_FUNCTION = YES;
				GCC_WARN_UNUSED_VARIABLE = YES;
				IPHONEOS_DEPLOYMENT_TARGET = 11.1;
				MTL_ENABLE_DEBUG_INFO = NO;
				SDKROOT = iphoneos;
				SWIFT_OPTIMIZATION_LEVEL = "-Owholemodule";
				VALIDATE_PRODUCT = YES;
			};
			name = Release;
		};
		6AD1F6BD1FEE304000C1DEAD /* Debug */ = {
			isa = XCBuildConfiguration;
			baseConfigurationReference = 9E580537437A8D33D5A5C1B7 /* Pods-CoreData&CouchBase.debug.xcconfig */;
			buildSettings = {
				ASSETCATALOG_COMPILER_APPICON_NAME = AppIcon;
				CODE_SIGN_STYLE = Automatic;
				DEVELOPMENT_TEAM = G48LL7L4X6;
				FRAMEWORK_SEARCH_PATHS = (
					"$(inherited)",
					"$(PROJECT_DIR)/Carthage/Build/iOS",
				);
				INFOPLIST_FILE = "CoreData&CouchBase/Info.plist";
				LD_RUNPATH_SEARCH_PATHS = "$(inherited) @executable_path/Frameworks";
				OTHER_LDFLAGS = "-ObjC";
				PRODUCT_BUNDLE_IDENTIFIER = "com.Sium.SmartHome.CoreData-CouchBase";
				PRODUCT_NAME = "$(TARGET_NAME)";
				SWIFT_VERSION = 4.0;
				TARGETED_DEVICE_FAMILY = "1,2";
			};
			name = Debug;
		};
		6AD1F6BE1FEE304000C1DEAD /* Release */ = {
			isa = XCBuildConfiguration;
			baseConfigurationReference = F115F834D22982399035C319 /* Pods-CoreData&CouchBase.release.xcconfig */;
			buildSettings = {
				ASSETCATALOG_COMPILER_APPICON_NAME = AppIcon;
				CODE_SIGN_STYLE = Automatic;
				DEVELOPMENT_TEAM = G48LL7L4X6;
				FRAMEWORK_SEARCH_PATHS = (
					"$(inherited)",
					"$(PROJECT_DIR)/Carthage/Build/iOS",
				);
				INFOPLIST_FILE = "CoreData&CouchBase/Info.plist";
				LD_RUNPATH_SEARCH_PATHS = "$(inherited) @executable_path/Frameworks";
				OTHER_LDFLAGS = "-ObjC";
				PRODUCT_BUNDLE_IDENTIFIER = "com.Sium.SmartHome.CoreData-CouchBase";
				PRODUCT_NAME = "$(TARGET_NAME)";
				SWIFT_VERSION = 4.0;
				TARGETED_DEVICE_FAMILY = "1,2";
			};
			name = Release;
		};
/* End XCBuildConfiguration section */

/* Begin XCConfigurationList section */
		6AD1F6A21FEE304000C1DEAD /* Build configuration list for PBXProject "CoreData&CouchBase" */ = {
			isa = XCConfigurationList;
			buildConfigurations = (
				6AD1F6BA1FEE304000C1DEAD /* Debug */,
				6AD1F6BB1FEE304000C1DEAD /* Release */,
			);
			defaultConfigurationIsVisible = 0;
			defaultConfigurationName = Release;
		};
		6AD1F6BC1FEE304000C1DEAD /* Build configuration list for PBXNativeTarget "CoreData&CouchBase" */ = {
			isa = XCConfigurationList;
			buildConfigurations = (
				6AD1F6BD1FEE304000C1DEAD /* Debug */,
				6AD1F6BE1FEE304000C1DEAD /* Release */,
			);
			defaultConfigurationIsVisible = 0;
			defaultConfigurationName = Release;
		};
/* End XCConfigurationList section */

/* Begin XCVersionGroup section */
		6AD1F6B11FEE304000C1DEAD /* CoreData_CouchBase.xcdatamodeld */ = {
			isa = XCVersionGroup;
			children = (
				6AD1F6B21FEE304000C1DEAD /* CoreData_CouchBase.xcdatamodel */,
			);
			currentVersion = 6AD1F6B21FEE304000C1DEAD /* CoreData_CouchBase.xcdatamodel */;
			path = CoreData_CouchBase.xcdatamodeld;
			sourceTree = "<group>";
			versionGroupType = wrapper.xcdatamodel;
		};
/* End XCVersionGroup section */
	};
	rootObject = 6AD1F69F1FEE304000C1DEAD /* Project object */;
}
